// !$*UTF8*$!
{
	archiveVersion = 1;
	classes = {
	};
	objectVersion = 46;
	objects = {

/* Begin PBXBuildFile section */
		6170004B1CCBA6AD00DDFEED /* main.m in Sources */ = {isa = PBXBuildFile; fileRef = 6170004A1CCBA6AD00DDFEED /* main.m */; };
		6170004E1CCBA6AD00DDFEED /* AppDelegate.m in Sources */ = {isa = PBXBuildFile; fileRef = 6170004D1CCBA6AD00DDFEED /* AppDelegate.m */; };
		617000511CCBA6AD00DDFEED /* ViewController.m in Sources */ = {isa = PBXBuildFile; fileRef = 617000501CCBA6AD00DDFEED /* ViewController.m */; };
		617000541CCBA6AD00DDFEED /* Main.storyboard in Resources */ = {isa = PBXBuildFile; fileRef = 617000521CCBA6AD00DDFEED /* Main.storyboard */; };
		617000561CCBA6AD00DDFEED /* Assets.xcassets in Resources */ = {isa = PBXBuildFile; fileRef = 617000551CCBA6AD00DDFEED /* Assets.xcassets */; };
		617000591CCBA6AD00DDFEED /* LaunchScreen.storyboard in Resources */ = {isa = PBXBuildFile; fileRef = 617000571CCBA6AD00DDFEED /* LaunchScreen.storyboard */; };
/* End PBXBuildFile section */

/* Begin PBXFileReference section */
		617000461CCBA6AD00DDFEED /* demo.app */ = {isa = PBXFileReference; explicitFileType = wrapper.application; includeInIndex = 0; path = demo.app; sourceTree = BUILT_PRODUCTS_DIR; };
		6170004A1CCBA6AD00DDFEED /* main.m */ = {isa = PBXFileReference; lastKnownFileType = sourcecode.c.objc; path = main.m; sourceTree = "<group>"; };
		6170004C1CCBA6AD00DDFEED /* AppDelegate.h */ = {isa = PBXFileReference; lastKnownFileType = sourcecode.c.h; path = AppDelegate.h; sourceTree = "<group>"; };
		6170004D1CCBA6AD00DDFEED /* AppDelegate.m */ = {isa = PBXFileReference; lastKnownFileType = sourcecode.c.objc; path = AppDelegate.m; sourceTree = "<group>"; };
		6170004F1CCBA6AD00DDFEED /* ViewController.h */ = {isa = PBXFileReference; lastKnownFileType = sourcecode.c.h; path = ViewController.h; sourceTree = "<group>"; };
		617000501CCBA6AD00DDFEED /* ViewController.m */ = {isa = PBXFileReference; lastKnownFileType = sourcecode.c.objc; path = ViewController.m; sourceTree = "<group>"; };
		617000531CCBA6AD00DDFEED /* Base */ = {isa = PBXFileReference; lastKnownFileType = file.storyboard; name = Base; path = Base.lproj/Main.storyboard; sourceTree = "<group>"; };
		617000551CCBA6AD00DDFEED /* Assets.xcassets */ = {isa = PBXFileReference; lastKnownFileType = folder.assetcatalog; path = Assets.xcassets; sourceTree = "<group>"; };
		617000581CCBA6AD00DDFEED /* Base */ = {isa = PBXFileReference; lastKnownFileType = file.storyboard; name = Base; path = Base.lproj/LaunchScreen.storyboard; sourceTree = "<group>"; };
		6170005A1CCBA6AD00DDFEED /* Info.plist */ = {isa = PBXFileReference; lastKnownFileType = text.plist.xml; path = Info.plist; sourceTree = "<group>"; };
/* End PBXFileReference section */

/* Begin PBXFrameworksBuildPhase section */
		617000431CCBA6AD00DDFEED /* Frameworks */ = {
			isa = PBXFrameworksBuildPhase;
			buildActionMask = 2147483647;
			files = (
			);
			runOnlyForDeploymentPostprocessing = 0;
		};
/* End PBXFrameworksBuildPhase section */

/* Begin PBXGroup section */
		6170003D1CCBA6AD00DDFEED = {
			isa = PBXGroup;
			children = (
				617000481CCBA6AD00DDFEED /* demo */,
				617000471CCBA6AD00DDFEED /* Products */,
			);
			sourceTree = "<group>";
		};
		617000471CCBA6AD00DDFEED /* Products */ = {
			isa = PBXGroup;
			children = (
				617000461CCBA6AD00DDFEED /* demo.app */,
			);
			name = Products;
			sourceTree = "<group>";
		};
		617000481CCBA6AD00DDFEED /* demo */ = {
			isa = PBXGroup;
			children = (
				6170004C1CCBA6AD00DDFEED /* AppDelegate.h */,
				6170004D1CCBA6AD00DDFEED /* AppDelegate.m */,
				6170004F1CCBA6AD00DDFEED /* ViewController.h */,
				617000501CCBA6AD00DDFEED /* ViewController.m */,
				617000521CCBA6AD00DDFEED /* Main.storyboard */,
				617000551CCBA6AD00DDFEED /* Assets.xcassets */,
				617000571CCBA6AD00DDFEED /* LaunchScreen.storyboard */,
				6170005A1CCBA6AD00DDFEED /* Info.plist */,
				617000491CCBA6AD00DDFEED /* Supporting Files */,
			);
			path = demo;
			sourceTree = "<group>";
		};
		617000491CCBA6AD00DDFEED /* Supporting Files */ = {
			isa = PBXGroup;
			children = (
				6170004A1CCBA6AD00DDFEED /* main.m */,
			);
			name = "Supporting Files";
			sourceTree = "<group>";
		};
/* End PBXGroup section */

/* Begin PBXNativeTarget section */
		617000451CCBA6AD00DDFEED /* demo */ = {
			isa = PBXNativeTarget;
			buildConfigurationList = 6170005D1CCBA6AD00DDFEED /* Build configuration list for PBXNativeTarget "demo" */;
			buildPhases = (
				617000421CCBA6AD00DDFEED /* Sources */,
				617000431CCBA6AD00DDFEED /* Frameworks */,
				617000441CCBA6AD00DDFEED /* Resources */,
			);
			buildRules = (
			);
			dependencies = (
			);
			name = demo;
			productName = demo;
			productReference = 617000461CCBA6AD00DDFEED /* demo.app */;
			productType = "com.apple.product-type.application";
		};
/* End PBXNativeTarget section */

/* Begin PBXProject section */
		6170003E1CCBA6AD00DDFEED /* Project object */ = {
			isa = PBXProject;
			attributes = {
				LastUpgradeCheck = 0710;
				ORGANIZATIONNAME = Appcircle;
				TargetAttributes = {
					617000451CCBA6AD00DDFEED = {
						CreatedOnToolsVersion = 7.1.1;
					};
				};
			};
			buildConfigurationList = 617000411CCBA6AD00DDFEED /* Build configuration list for PBXProject "demo" */;
			compatibilityVersion = "Xcode 3.2";
			developmentRegion = English;
			hasScannedForEncodings = 0;
			knownRegions = (
				en,
				Base,
			);
			mainGroup = 6170003D1CCBA6AD00DDFEED;
			productRefGroup = 617000471CCBA6AD00DDFEED /* Products */;
			projectDirPath = "";
			projectRoot = "";
			targets = (
				617000451CCBA6AD00DDFEED /* demo */,
			);
		};
/* End PBXProject section */

/* Begin PBXResourcesBuildPhase section */
		617000441CCBA6AD00DDFEED /* Resources */ = {
			isa = PBXResourcesBuildPhase;
			buildActionMask = 2147483647;
			files = (
				617000591CCBA6AD00DDFEED /* LaunchScreen.storyboard in Resources */,
				617000561CCBA6AD00DDFEED /* Assets.xcassets in Resources */,
				617000541CCBA6AD00DDFEED /* Main.storyboard in Resources */,
			);
			runOnlyForDeploymentPostprocessing = 0;
		};
/* End PBXResourcesBuildPhase section */

/* Begin PBXSourcesBuildPhase section */
		617000421CCBA6AD00DDFEED /* Sources */ = {
			isa = PBXSourcesBuildPhase;
			buildActionMask = 2147483647;
			files = (
				617000511CCBA6AD00DDFEED /* ViewController.m in Sources */,
				6170004E1CCBA6AD00DDFEED /* AppDelegate.m in Sources */,
				6170004B1CCBA6AD00DDFEED /* main.m in Sources */,
			);
			runOnlyForDeploymentPostprocessing = 0;
		};
/* End PBXSourcesBuildPhase section */

/* Begin PBXVariantGroup section */
		617000521CCBA6AD00DDFEED /* Main.storyboard */ = {
			isa = PBXVariantGroup;
			children = (
				617000531CCBA6AD00DDFEED /* Base */,
			);
			name = Main.storyboard;
			sourceTree = "<group>";
		};
		617000571CCBA6AD00DDFEED /* LaunchScreen.storyboard */ = {
			isa = PBXVariantGroup;
			children = (
				617000581CCBA6AD00DDFEED /* Base */,
			);
			name = LaunchScreen.storyboard;
			sourceTree = "<group>";
		};
/* End PBXVariantGroup section */

/* Begin XCBuildConfiguration section */
		6170005B1CCBA6AD00DDFEED /* Debug */ = {
			isa = XCBuildConfiguration;
			buildSettings = {
				ALWAYS_SEARCH_USER_PATHS = NO;
				CLANG_CXX_LANGUAGE_STANDARD = "gnu++0x";
				CLANG_CXX_LIBRARY = "libc++";
				CLANG_ENABLE_MODULES = YES;
				CLANG_ENABLE_OBJC_ARC = YES;
				CLANG_WARN_BOOL_CONVERSION = YES;
				CLANG_WARN_CONSTANT_CONVERSION = YES;
				CLANG_WARN_DIRECT_OBJC_ISA_USAGE = YES_ERROR;
				CLANG_WARN_EMPTY_BODY = YES;
				CLANG_WARN_ENUM_CONVERSION = YES;
				CLANG_WARN_INT_CONVERSION = YES;
				CLANG_WARN_OBJC_ROOT_CLASS = YES_ERROR;
				CLANG_WARN_UNREACHABLE_CODE = YES;
				CLANG_WARN__DUPLICATE_METHOD_MATCH = YES;
				"CODE_SIGN_IDENTITY[sdk=iphoneos*]" = "iPhone Developer";
				COPY_PHASE_STRIP = NO;
				DEBUG_INFORMATION_FORMAT = dwarf;
				ENABLE_STRICT_OBJC_MSGSEND = YES;
				ENABLE_TESTABILITY = YES;
				GCC_C_LANGUAGE_STANDARD = gnu99;
				GCC_DYNAMIC_NO_PIC = NO;
				GCC_NO_COMMON_BLOCKS = YES;
				GCC_OPTIMIZATION_LEVEL = 0;
				GCC_PREPROCESSOR_DEFINITIONS = (
					"DEBUG=1",
					"$(inherited)",
				);
				GCC_WARN_64_TO_32_BIT_CONVERSION = YES;
				GCC_WARN_ABOUT_RETURN_TYPE = YES_ERROR;
				GCC_WARN_UNDECLARED_SELECTOR = YES;
				GCC_WARN_UNINITIALIZED_AUTOS = YES_AGGRESSIVE;
				GCC_WARN_UNUSED_FUNCTION = YES;
				GCC_WARN_UNUSED_VARIABLE = YES;
				IPHONEOS_DEPLOYMENT_TARGET = 9.1;
				MTL_ENABLE_DEBUG_INFO = YES;
				ONLY_ACTIVE_ARCH = YES;
				SDKROOT = iphoneos;
			};
			name = Debug;
		};
		6170005C1CCBA6AD00DDFEED /* Release */ = {
			isa = XCBuildConfiguration;
			buildSettings = {
				ALWAYS_SEARCH_USER_PATHS = NO;
				CLANG_CXX_LANGUAGE_STANDARD = "gnu++0x";
				CLANG_CXX_LIBRARY = "libc++";
				CLANG_ENABLE_MODULES = YES;
				CLANG_ENABLE_OBJC_ARC = YES;
				CLANG_WARN_BOOL_CONVERSION = YES;
				CLANG_WARN_CONSTANT_CONVERSION = YES;
				CLANG_WARN_DIRECT_OBJC_ISA_USAGE = YES_ERROR;
				CLANG_WARN_EMPTY_BODY = YES;
				CLANG_WARN_ENUM_CONVERSION = YES;
				CLANG_WARN_INT_CONVERSION = YES;
				CLANG_WARN_OBJC_ROOT_CLASS = YES_ERROR;
				CLANG_WARN_UNREACHABLE_CODE = YES;
				CLANG_WARN__DUPLICATE_METHOD_MATCH = YES;
				"CODE_SIGN_IDENTITY[sdk=iphoneos*]" = "iPhone Developer";
				COPY_PHASE_STRIP = NO;
				DEBUG_INFORMATION_FORMAT = "dwarf-with-dsym";
				ENABLE_NS_ASSERTIONS = NO;
				ENABLE_STRICT_OBJC_MSGSEND = YES;
				GCC_C_LANGUAGE_STANDARD = gnu99;
				GCC_NO_COMMON_BLOCKS = YES;
				GCC_WARN_64_TO_32_BIT_CONVERSION = YES;
				GCC_WARN_ABOUT_RETURN_TYPE = YES_ERROR;
				GCC_WARN_UNDECLARED_SELECTOR = YES;
				GCC_WARN_UNINITIALIZED_AUTOS = YES_AGGRESSIVE;
				GCC_WARN_UNUSED_FUNCTION = YES;
				GCC_WARN_UNUSED_VARIABLE = YES;
				IPHONEOS_DEPLOYMENT_TARGET = 9.1;
				MTL_ENABLE_DEBUG_INFO = NO;
				SDKROOT = iphoneos;
				VALIDATE_PRODUCT = YES;
			};
			name = Release;
		};
		6170005E1CCBA6AD00DDFEED /* Debug */ = {
			isa = XCBuildConfiguration;
			buildSettings = {
				ASSETCATALOG_COMPILER_APPICON_NAME = AppIcon;
				INFOPLIST_FILE = demo/Info.plist;
				LD_RUNPATH_SEARCH_PATHS = "$(inherited) @executable_path/Frameworks";
				PRODUCT_BUNDLE_IDENTIFIER = com.appcircle.demo;
				PRODUCT_NAME = "$(TARGET_NAME)";
			};
			name = Debug;
		};
		6170005F1CCBA6AD00DDFEED /* Release */ = {
			isa = XCBuildConfiguration;
			buildSettings = {
				ASSETCATALOG_COMPILER_APPICON_NAME = AppIcon;
				INFOPLIST_FILE = demo/Info.plist;
				LD_RUNPATH_SEARCH_PATHS = "$(inherited) @executable_path/Frameworks";
				PRODUCT_BUNDLE_IDENTIFIER = com.appcircle.demo;
				PRODUCT_NAME = "$(TARGET_NAME)";
			};
			name = Release;
		};
/* End XCBuildConfiguration section */

/* Begin XCConfigurationList section */
		617000411CCBA6AD00DDFEED /* Build configuration list for PBXProject "demo" */ = {
			isa = XCConfigurationList;
			buildConfigurations = (
				6170005B1CCBA6AD00DDFEED /* Debug */,
				6170005C1CCBA6AD00DDFEED /* Release */,
			);
			defaultConfigurationIsVisible = 0;
			defaultConfigurationName = Release;
		};
		6170005D1CCBA6AD00DDFEED /* Build configuration list for PBXNativeTarget "demo" */ = {
			isa = XCConfigurationList;
			buildConfigurations = (
				6170005E1CCBA6AD00DDFEED /* Debug */,
				6170005F1CCBA6AD00DDFEED /* Release */,
			);
			defaultConfigurationIsVisible = 0;
		};
/* End XCConfigurationList section */
	};
	rootObject = 6170003E1CCBA6AD00DDFEED /* Project object */;
}
